
Microsoft Visual Studio Solution File, Format Version 12.00
# Visual Studio Version 17
VisualStudioVersion = 17.9.34723.18
MinimumVisualStudioVersion = 10.0.40219.1
Project("{9A19103F-16F7-4668-BE54-9A1E7A4F7556}") = "TollFeeCalculator", "TollFeeCalculator\TollFeeCalculator.csproj", "{C7FB9A74-79E8-4C9F-A25C-7896C1D1A857}"
EndProject
Project("{9A19103F-16F7-4668-BE54-9A1E7A4F7556}") = "TollFeeCalculator.UnitTests", "TollFeeCalculator.UnitTests\TollFeeCalculator.UnitTests.csproj", "{06209D48-B93C-410F-97F6-08256797FCEA}"
EndProject
Global
	GlobalSection(SolutionConfigurationPlatforms) = preSolution
		Debug|Any CPU = Debug|Any CPU
		Release|Any CPU = Release|Any CPU
	EndGlobalSection
	GlobalSection(ProjectConfigurationPlatforms) = postSolution
		{C7FB9A74-79E8-4C9F-A25C-7896C1D1A857}.Debug|Any CPU.ActiveCfg = Debug|Any CPU
		{C7FB9A74-79E8-4C9F-A25C-7896C1D1A857}.Debug|Any CPU.Build.0 = Debug|Any CPU
		{C7FB9A74-79E8-4C9F-A25C-7896C1D1A857}.Release|Any CPU.ActiveCfg = Release|Any CPU
		{C7FB9A74-79E8-4C9F-A25C-7896C1D1A857}.Release|Any CPU.Build.0 = Release|Any CPU
		{06209D48-B93C-410F-97F6-08256797FCEA}.Debug|Any CPU.ActiveCfg = Debug|Any CPU
		{06209D48-B93C-410F-97F6-08256797FCEA}.Debug|Any CPU.Build.0 = Debug|Any CPU
		{06209D48-B93C-410F-97F6-08256797FCEA}.Release|Any CPU.ActiveCfg = Release|Any CPU
		{06209D48-B93C-410F-97F6-08256797FCEA}.Release|Any CPU.Build.0 = Release|Any CPU
	EndGlobalSection
	GlobalSection(SolutionProperties) = preSolution
		HideSolutionNode = FALSE
	EndGlobalSection
	GlobalSection(ExtensibilityGlobals) = postSolution
		SolutionGuid = {D0EC74B0-0B41-487F-886F-E8E390187C62}
	EndGlobalSection
EndGlobal
